
Microsoft Visual Studio Solution File, Format Version 12.00
# Visual Studio Version 17
VisualStudioVersion = 17.14.36623.8 d17.14
MinimumVisualStudioVersion = 10.0.40219.1
Project("{8BC9CEB8-8B4A-11D0-8D11-00A0C91BC942}") = "Lab_4_", "Lab_4_\Lab_4_.vcxproj", "{5D4080C2-2AAC-4DC0-8CF4-D5DE8F25638F}"
EndProject
Global
	GlobalSection(SolutionConfigurationPlatforms) = preSolution
		Debug|x64 = Debug|x64
		Debug|x86 = Debug|x86
		Release|x64 = Release|x64
		Release|x86 = Release|x86
	EndGlobalSection
	GlobalSection(ProjectConfigurationPlatforms) = postSolution
		{5D4080C2-2AAC-4DC0-8CF4-D5DE8F25638F}.Debug|x64.ActiveCfg = Debug|x64
		{5D4080C2-2AAC-4DC0-8CF4-D5DE8F25638F}.Debug|x64.Build.0 = Debug|x64
		{5D4080C2-2AAC-4DC0-8CF4-D5DE8F25638F}.Debug|x86.ActiveCfg = Debug|Win32
		{5D4080C2-2AAC-4DC0-8CF4-D5DE8F25638F}.Debug|x86.Build.0 = Debug|Win32
		{5D4080C2-2AAC-4DC0-8CF4-D5DE8F25638F}.Release|x64.ActiveCfg = Release|x64
		{5D4080C2-2AAC-4DC0-8CF4-D5DE8F25638F}.Release|x64.Build.0 = Release|x64
		{5D4080C2-2AAC-4DC0-8CF4-D5DE8F25638F}.Release|x86.ActiveCfg = Release|Win32
		{5D4080C2-2AAC-4DC0-8CF4-D5DE8F25638F}.Release|x86.Build.0 = Release|Win32
	EndGlobalSection
	GlobalSection(SolutionProperties) = preSolution
		HideSolutionNode = FALSE
	EndGlobalSection
	GlobalSection(ExtensibilityGlobals) = postSolution
		SolutionGuid = {25EEA508-2AD6-4F94-80B9-D255E643EB5D}
	EndGlobalSection
EndGlobal
